
Microsoft Visual Studio Solution File, Format Version 12.00
# Visual Studio 15
Project("{FAE04EC0-301F-11D3-BF4B-00C04F79EFBC}") = "Assembly-CSharp", "Assembly-CSharp.csproj", "{FA355E0A-C7D5-E403-0B98-E125472500EC}"
EndProject
Project("{FAE04EC0-301F-11D3-BF4B-00C04F79EFBC}") = "Assembly-CSharp-Editor", "Assembly-CSharp-Editor.csproj", "{D70C75D4-BFDC-FEF1-19B4-CFC330494248}"
EndProject
Global
	GlobalSection(SolutionConfigurationPlatforms) = preSolution
		Debug|Any CPU = Debug|Any CPU
		Release|Any CPU = Release|Any CPU
	EndGlobalSection
	GlobalSection(ProjectConfigurationPlatforms) = postSolution
		{FA355E0A-C7D5-E403-0B98-E125472500EC}.Debug|Any CPU.ActiveCfg = Debug|Any CPU
		{FA355E0A-C7D5-E403-0B98-E125472500EC}.Debug|Any CPU.Build.0 = Debug|Any CPU
		{FA355E0A-C7D5-E403-0B98-E125472500EC}.Release|Any CPU.ActiveCfg = Release|Any CPU
		{FA355E0A-C7D5-E403-0B98-E125472500EC}.Release|Any CPU.Build.0 = Release|Any CPU
		{D70C75D4-BFDC-FEF1-19B4-CFC330494248}.Debug|Any CPU.ActiveCfg = Debug|Any CPU
		{D70C75D4-BFDC-FEF1-19B4-CFC330494248}.Debug|Any CPU.Build.0 = Debug|Any CPU
		{D70C75D4-BFDC-FEF1-19B4-CFC330494248}.Release|Any CPU.ActiveCfg = Release|Any CPU
		{D70C75D4-BFDC-FEF1-19B4-CFC330494248}.Release|Any CPU.Build.0 = Release|Any CPU
	EndGlobalSection
	GlobalSection(SolutionProperties) = preSolution
		HideSolutionNode = FALSE
	EndGlobalSection
EndGlobal
